// !$*UTF8*$!
{
	archiveVersion = 1;
	classes = {
	};
	objectVersion = 46;
	objects = {

/* Begin PBXBuildFile section */
		5A2F71CE18A16B8C006B86AB /* DK Crayon Crumble.ttf in Resources */ = {isa = PBXBuildFile; fileRef = 5A2F71CD18A16B8C006B86AB /* DK Crayon Crumble.ttf */; };
		5A2F71DC18A18533006B86AB /* camera.png in Resources */ = {isa = PBXBuildFile; fileRef = 5A2F71D118A18533006B86AB /* camera.png */; };
		5A2F71DD18A18533006B86AB /* comment.png in Resources */ = {isa = PBXBuildFile; fileRef = 5A2F71D218A18533006B86AB /* comment.png */; };
		5A2F71DE18A18533006B86AB /* dislike.png in Resources */ = {isa = PBXBuildFile; fileRef = 5A2F71D318A18533006B86AB /* dislike.png */; };
		5A2F71DF18A18533006B86AB /* feed.png in Resources */ = {isa = PBXBuildFile; fileRef = 5A2F71D418A18533006B86AB /* feed.png */; };
		5A2F71E118A18533006B86AB /* followers.png in Resources */ = {isa = PBXBuildFile; fileRef = 5A2F71D618A18533006B86AB /* followers.png */; };
		5A2F71E218A18533006B86AB /* like.png in Resources */ = {isa = PBXBuildFile; fileRef = 5A2F71D718A18533006B86AB /* like.png */; };
		5A2F71E318A18533006B86AB /* map.png in Resources */ = {isa = PBXBuildFile; fileRef = 5A2F71D818A18533006B86AB /* map.png */; };
		5A2F71E418A18533006B86AB /* mappin.png in Resources */ = {isa = PBXBuildFile; fileRef = 5A2F71D918A18533006B86AB /* mappin.png */; };
		5A2F71E518A18533006B86AB /* profile.png in Resources */ = {isa = PBXBuildFile; fileRef = 5A2F71DA18A18533006B86AB /* profile.png */; };
		5A2F71E618A18533006B86AB /* search.png in Resources */ = {isa = PBXBuildFile; fileRef = 5A2F71DB18A18533006B86AB /* search.png */; };
		5A2F71E818A18978006B86AB /* followings.png in Resources */ = {isa = PBXBuildFile; fileRef = 5A2F71E718A18978006B86AB /* followings.png */; };
		5A868D6B18A302AF009B1F8F /* PhotoDetailViewController.m in Sources */ = {isa = PBXBuildFile; fileRef = 5A868D6A18A302AF009B1F8F /* PhotoDetailViewController.m */; };
		C22AE53C18A0427E00971615 /* Foundation.framework in Frameworks */ = {isa = PBXBuildFile; fileRef = C22AE53B18A0427E00971615 /* Foundation.framework */; };
		C22AE53E18A0427E00971615 /* CoreGraphics.framework in Frameworks */ = {isa = PBXBuildFile; fileRef = C22AE53D18A0427E00971615 /* CoreGraphics.framework */; };
		C22AE54018A0427E00971615 /* UIKit.framework in Frameworks */ = {isa = PBXBuildFile; fileRef = C22AE53F18A0427E00971615 /* UIKit.framework */; };
		C22AE54618A0427E00971615 /* InfoPlist.strings in Resources */ = {isa = PBXBuildFile; fileRef = C22AE54418A0427E00971615 /* InfoPlist.strings */; };
		C22AE54818A0427E00971615 /* main.m in Sources */ = {isa = PBXBuildFile; fileRef = C22AE54718A0427E00971615 /* main.m */; };
		C22AE54C18A0427E00971615 /* AppDelegate.m in Sources */ = {isa = PBXBuildFile; fileRef = C22AE54B18A0427E00971615 /* AppDelegate.m */; };
		C22AE54F18A0427E00971615 /* Main.storyboard in Resources */ = {isa = PBXBuildFile; fileRef = C22AE54D18A0427E00971615 /* Main.storyboard */; };
		C22AE55418A0427E00971615 /* Images.xcassets in Resources */ = {isa = PBXBuildFile; fileRef = C22AE55318A0427E00971615 /* Images.xcassets */; };
		C22AE55B18A0427E00971615 /* XCTest.framework in Frameworks */ = {isa = PBXBuildFile; fileRef = C22AE55A18A0427E00971615 /* XCTest.framework */; };
		C22AE55C18A0427E00971615 /* Foundation.framework in Frameworks */ = {isa = PBXBuildFile; fileRef = C22AE53B18A0427E00971615 /* Foundation.framework */; };
		C22AE55D18A0427E00971615 /* UIKit.framework in Frameworks */ = {isa = PBXBuildFile; fileRef = C22AE53F18A0427E00971615 /* UIKit.framework */; };
		C22AE56518A0427E00971615 /* InfoPlist.strings in Resources */ = {isa = PBXBuildFile; fileRef = C22AE56318A0427E00971615 /* InfoPlist.strings */; };
		C22AE56718A0427E00971615 /* SuddenMugTests.m in Sources */ = {isa = PBXBuildFile; fileRef = C22AE56618A0427E00971615 /* SuddenMugTests.m */; };
		C22AE57218A0462B00971615 /* FeedViewController.m in Sources */ = {isa = PBXBuildFile; fileRef = C22AE57118A0462B00971615 /* FeedViewController.m */; };
		C22AE57518A0463300971615 /* SearchViewController.m in Sources */ = {isa = PBXBuildFile; fileRef = C22AE57418A0463300971615 /* SearchViewController.m */; };
		C22AE57818A0464000971615 /* ProfileViewController.m in Sources */ = {isa = PBXBuildFile; fileRef = C22AE57718A0464000971615 /* ProfileViewController.m */; };
		C22AE57B18A0467F00971615 /* TabController.m in Sources */ = {isa = PBXBuildFile; fileRef = C22AE57A18A0467F00971615 /* TabController.m */; };
		C22AE5A018A0625100971615 /* CameraViewController.m in Sources */ = {isa = PBXBuildFile; fileRef = C22AE59F18A0625100971615 /* CameraViewController.m */; };
		C22AE5A318A0661300971615 /* icon.png in Resources */ = {isa = PBXBuildFile; fileRef = C22AE5A118A0661300971615 /* icon.png */; };
		C22AE5A418A0661300971615 /* icon@2x.png in Resources */ = {isa = PBXBuildFile; fileRef = C22AE5A218A0661300971615 /* icon@2x.png */; };
		C285D9CF18A1A06F00DCC867 /* logo.png in Resources */ = {isa = PBXBuildFile; fileRef = C285D9CE18A1A06F00DCC867 /* logo.png */; };
		C285D9D218A1A0DE00DCC867 /* bg.png in Resources */ = {isa = PBXBuildFile; fileRef = C285D9D018A1A0DE00DCC867 /* bg.png */; };
		C285D9DD18A1AACF00DCC867 /* close.png in Resources */ = {isa = PBXBuildFile; fileRef = C285D9D618A1AACF00DCC867 /* close.png */; };
		C285D9DE18A1AACF00DCC867 /* closePressed.png in Resources */ = {isa = PBXBuildFile; fileRef = C285D9D718A1AACF00DCC867 /* closePressed.png */; };
		C285D9DF18A1AACF00DCC867 /* login.png in Resources */ = {isa = PBXBuildFile; fileRef = C285D9D818A1AACF00DCC867 /* login.png */; };
		C285D9E018A1AACF00DCC867 /* loginPressed.png in Resources */ = {isa = PBXBuildFile; fileRef = C285D9D918A1AACF00DCC867 /* loginPressed.png */; };
		C285D9E118A1AACF00DCC867 /* register.png in Resources */ = {isa = PBXBuildFile; fileRef = C285D9DA18A1AACF00DCC867 /* register.png */; };
		C285D9E218A1AACF00DCC867 /* registerPressed.png in Resources */ = {isa = PBXBuildFile; fileRef = C285D9DB18A1AACF00DCC867 /* registerPressed.png */; };
		C285D9E718A1AB6300DCC867 /* forgotPressed.png in Resources */ = {isa = PBXBuildFile; fileRef = C285D9E518A1AB6300DCC867 /* forgotPressed.png */; };
		C285D9E918A1AD5800DCC867 /* forgot.png in Resources */ = {isa = PBXBuildFile; fileRef = C285D9E818A1AD5800DCC867 /* forgot.png */; };
		C285D9F318A1BAB600DCC867 /* textfield.png in Resources */ = {isa = PBXBuildFile; fileRef = C285D9F218A1BAB600DCC867 /* textfield.png */; };
		C285D9F618A1BC6700DCC867 /* buttons.png in Resources */ = {isa = PBXBuildFile; fileRef = C285D9F418A1BC6600DCC867 /* buttons.png */; };
		C285D9F718A1BC6700DCC867 /* buttonsPressed.png in Resources */ = {isa = PBXBuildFile; fileRef = C285D9F518A1BC6700DCC867 /* buttonsPressed.png */; };
		C285D9F918A1C40700DCC867 /* bg@2x.png in Resources */ = {isa = PBXBuildFile; fileRef = C285D9F818A1C40700DCC867 /* bg@2x.png */; };
		C285D9FC18A1E69D00DCC867 /* LoginViewController.m in Sources */ = {isa = PBXBuildFile; fileRef = C285D9FB18A1E69D00DCC867 /* LoginViewController.m */; };
		C285D9FF18A1E6BA00DCC867 /* RegisterViewController.m in Sources */ = {isa = PBXBuildFile; fileRef = C285D9FE18A1E6BA00DCC867 /* RegisterViewController.m */; };
		C285DA0818A1F13100DCC867 /* greenbg.png in Resources */ = {isa = PBXBuildFile; fileRef = C285DA0018A1F13100DCC867 /* greenbg.png */; };
		C285DA0918A1F13100DCC867 /* greenbg@2x.png in Resources */ = {isa = PBXBuildFile; fileRef = C285DA0118A1F13100DCC867 /* greenbg@2x.png */; };
		C285DA0A18A1F13100DCC867 /* orangebg.png in Resources */ = {isa = PBXBuildFile; fileRef = C285DA0218A1F13100DCC867 /* orangebg.png */; };
		C285DA0B18A1F13100DCC867 /* orangebg@2x.png in Resources */ = {isa = PBXBuildFile; fileRef = C285DA0318A1F13100DCC867 /* orangebg@2x.png */; };
		C285DA0C18A1F13100DCC867 /* redbg.png in Resources */ = {isa = PBXBuildFile; fileRef = C285DA0418A1F13100DCC867 /* redbg.png */; };
		C285DA0D18A1F13100DCC867 /* redbg@2x.png in Resources */ = {isa = PBXBuildFile; fileRef = C285DA0518A1F13100DCC867 /* redbg@2x.png */; };
		C285DA0E18A1F13100DCC867 /* yellowbg.png in Resources */ = {isa = PBXBuildFile; fileRef = C285DA0618A1F13100DCC867 /* yellowbg.png */; };
		C285DA0F18A1F13100DCC867 /* yellowbg@2x.png in Resources */ = {isa = PBXBuildFile; fileRef = C285DA0718A1F13100DCC867 /* yellowbg@2x.png */; };
		C285DA1218A1F1F700DCC867 /* purplebg.png in Resources */ = {isa = PBXBuildFile; fileRef = C285DA1018A1F1F700DCC867 /* purplebg.png */; };
		C285DA1318A1F1F700DCC867 /* purplebg@2x.png in Resources */ = {isa = PBXBuildFile; fileRef = C285DA1118A1F1F700DCC867 /* purplebg@2x.png */; };
		C285DA1518A1F6B700DCC867 /* photo.png in Resources */ = {isa = PBXBuildFile; fileRef = C285DA1418A1F6B700DCC867 /* photo.png */; };
		C285DA1718A2985F00DCC867 /* AssetsLibrary.framework in Frameworks */ = {isa = PBXBuildFile; fileRef = C285DA1618A2985F00DCC867 /* AssetsLibrary.framework */; };
		C285DA5E18A2BE4D00DCC867 /* ParentFeedViewController.m in Sources */ = {isa = PBXBuildFile; fileRef = C285DA5D18A2BE4D00DCC867 /* ParentFeedViewController.m */; };
		C285DA6118A2E3A100DCC867 /* PhotoViewCell.m in Sources */ = {isa = PBXBuildFile; fileRef = C285DA6018A2E3A100DCC867 /* PhotoViewCell.m */; };
		D10227704B934A6E9AA24DD5 /* libPods.a in Frameworks */ = {isa = PBXBuildFile; fileRef = AEBB445860B14C8B8AB8020A /* libPods.a */; };
/* End PBXBuildFile section */

/* Begin PBXContainerItemProxy section */
		C22AE55E18A0427E00971615 /* PBXContainerItemProxy */ = {
			isa = PBXContainerItemProxy;
			containerPortal = C22AE53018A0427E00971615 /* Project object */;
			proxyType = 1;
			remoteGlobalIDString = C22AE53718A0427E00971615;
			remoteInfo = SuddenMug;
		};
/* End PBXContainerItemProxy section */

/* Begin PBXFileReference section */
		5A2F71CD18A16B8C006B86AB /* DK Crayon Crumble.ttf */ = {isa = PBXFileReference; lastKnownFileType = file; path = "DK Crayon Crumble.ttf"; sourceTree = "<group>"; };
		5A2F71D118A18533006B86AB /* camera.png */ = {isa = PBXFileReference; lastKnownFileType = image.png; path = camera.png; sourceTree = "<group>"; };
		5A2F71D218A18533006B86AB /* comment.png */ = {isa = PBXFileReference; lastKnownFileType = image.png; path = comment.png; sourceTree = "<group>"; };
		5A2F71D318A18533006B86AB /* dislike.png */ = {isa = PBXFileReference; lastKnownFileType = image.png; path = dislike.png; sourceTree = "<group>"; };
		5A2F71D418A18533006B86AB /* feed.png */ = {isa = PBXFileReference; lastKnownFileType = image.png; path = feed.png; sourceTree = "<group>"; };
		5A2F71D618A18533006B86AB /* followers.png */ = {isa = PBXFileReference; lastKnownFileType = image.png; path = followers.png; sourceTree = "<group>"; };
		5A2F71D718A18533006B86AB /* like.png */ = {isa = PBXFileReference; lastKnownFileType = image.png; path = like.png; sourceTree = "<group>"; };
		5A2F71D818A18533006B86AB /* map.png */ = {isa = PBXFileReference; lastKnownFileType = image.png; path = map.png; sourceTree = "<group>"; };
		5A2F71D918A18533006B86AB /* mappin.png */ = {isa = PBXFileReference; lastKnownFileType = image.png; path = mappin.png; sourceTree = "<group>"; };
		5A2F71DA18A18533006B86AB /* profile.png */ = {isa = PBXFileReference; lastKnownFileType = image.png; path = profile.png; sourceTree = "<group>"; };
		5A2F71DB18A18533006B86AB /* search.png */ = {isa = PBXFileReference; lastKnownFileType = image.png; path = search.png; sourceTree = "<group>"; };
		5A2F71E718A18978006B86AB /* followings.png */ = {isa = PBXFileReference; lastKnownFileType = image.png; path = followings.png; sourceTree = "<group>"; };
		5A868D6918A302AF009B1F8F /* PhotoDetailViewController.h */ = {isa = PBXFileReference; fileEncoding = 4; lastKnownFileType = sourcecode.c.h; path = PhotoDetailViewController.h; sourceTree = "<group>"; };
		5A868D6A18A302AF009B1F8F /* PhotoDetailViewController.m */ = {isa = PBXFileReference; fileEncoding = 4; lastKnownFileType = sourcecode.c.objc; path = PhotoDetailViewController.m; sourceTree = "<group>"; };
		830F48BF08684495816C4CDA /* Pods.xcconfig */ = {isa = PBXFileReference; includeInIndex = 1; lastKnownFileType = text.xcconfig; name = Pods.xcconfig; path = Pods/Pods.xcconfig; sourceTree = "<group>"; };
		AEBB445860B14C8B8AB8020A /* libPods.a */ = {isa = PBXFileReference; explicitFileType = archive.ar; includeInIndex = 0; path = libPods.a; sourceTree = BUILT_PRODUCTS_DIR; };
		C22AE53818A0427E00971615 /* SuddenMug.app */ = {isa = PBXFileReference; explicitFileType = wrapper.application; includeInIndex = 0; path = SuddenMug.app; sourceTree = BUILT_PRODUCTS_DIR; };
		C22AE53B18A0427E00971615 /* Foundation.framework */ = {isa = PBXFileReference; lastKnownFileType = wrapper.framework; name = Foundation.framework; path = System/Library/Frameworks/Foundation.framework; sourceTree = SDKROOT; };
		C22AE53D18A0427E00971615 /* CoreGraphics.framework */ = {isa = PBXFileReference; lastKnownFileType = wrapper.framework; name = CoreGraphics.framework; path = System/Library/Frameworks/CoreGraphics.framework; sourceTree = SDKROOT; };
		C22AE53F18A0427E00971615 /* UIKit.framework */ = {isa = PBXFileReference; lastKnownFileType = wrapper.framework; name = UIKit.framework; path = System/Library/Frameworks/UIKit.framework; sourceTree = SDKROOT; };
		C22AE54318A0427E00971615 /* SuddenMug-Info.plist */ = {isa = PBXFileReference; lastKnownFileType = text.plist.xml; path = "SuddenMug-Info.plist"; sourceTree = "<group>"; };
		C22AE54518A0427E00971615 /* en */ = {isa = PBXFileReference; lastKnownFileType = text.plist.strings; name = en; path = en.lproj/InfoPlist.strings; sourceTree = "<group>"; };
		C22AE54718A0427E00971615 /* main.m */ = {isa = PBXFileReference; lastKnownFileType = sourcecode.c.objc; path = main.m; sourceTree = "<group>"; };
		C22AE54918A0427E00971615 /* SuddenMug-Prefix.pch */ = {isa = PBXFileReference; lastKnownFileType = sourcecode.c.h; path = "SuddenMug-Prefix.pch"; sourceTree = "<group>"; };
		C22AE54A18A0427E00971615 /* AppDelegate.h */ = {isa = PBXFileReference; lastKnownFileType = sourcecode.c.h; path = AppDelegate.h; sourceTree = "<group>"; };
		C22AE54B18A0427E00971615 /* AppDelegate.m */ = {isa = PBXFileReference; lastKnownFileType = sourcecode.c.objc; path = AppDelegate.m; sourceTree = "<group>"; };
		C22AE54E18A0427E00971615 /* Base */ = {isa = PBXFileReference; lastKnownFileType = file.storyboard; name = Base; path = Base.lproj/Main.storyboard; sourceTree = "<group>"; };
		C22AE55318A0427E00971615 /* Images.xcassets */ = {isa = PBXFileReference; lastKnownFileType = folder.assetcatalog; path = Images.xcassets; sourceTree = "<group>"; };
		C22AE55918A0427E00971615 /* SuddenMugTests.xctest */ = {isa = PBXFileReference; explicitFileType = wrapper.cfbundle; includeInIndex = 0; path = SuddenMugTests.xctest; sourceTree = BUILT_PRODUCTS_DIR; };
		C22AE55A18A0427E00971615 /* XCTest.framework */ = {isa = PBXFileReference; lastKnownFileType = wrapper.framework; name = XCTest.framework; path = Library/Frameworks/XCTest.framework; sourceTree = DEVELOPER_DIR; };
		C22AE56218A0427E00971615 /* SuddenMugTests-Info.plist */ = {isa = PBXFileReference; lastKnownFileType = text.plist.xml; path = "SuddenMugTests-Info.plist"; sourceTree = "<group>"; };
		C22AE56418A0427E00971615 /* en */ = {isa = PBXFileReference; lastKnownFileType = text.plist.strings; name = en; path = en.lproj/InfoPlist.strings; sourceTree = "<group>"; };
		C22AE56618A0427E00971615 /* SuddenMugTests.m */ = {isa = PBXFileReference; lastKnownFileType = sourcecode.c.objc; path = SuddenMugTests.m; sourceTree = "<group>"; };
		C22AE57018A0462B00971615 /* FeedViewController.h */ = {isa = PBXFileReference; fileEncoding = 4; lastKnownFileType = sourcecode.c.h; path = FeedViewController.h; sourceTree = "<group>"; };
		C22AE57118A0462B00971615 /* FeedViewController.m */ = {isa = PBXFileReference; fileEncoding = 4; lastKnownFileType = sourcecode.c.objc; path = FeedViewController.m; sourceTree = "<group>"; };
		C22AE57318A0463300971615 /* SearchViewController.h */ = {isa = PBXFileReference; fileEncoding = 4; lastKnownFileType = sourcecode.c.h; path = SearchViewController.h; sourceTree = "<group>"; };
		C22AE57418A0463300971615 /* SearchViewController.m */ = {isa = PBXFileReference; fileEncoding = 4; lastKnownFileType = sourcecode.c.objc; path = SearchViewController.m; sourceTree = "<group>"; };
		C22AE57618A0464000971615 /* ProfileViewController.h */ = {isa = PBXFileReference; fileEncoding = 4; lastKnownFileType = sourcecode.c.h; path = ProfileViewController.h; sourceTree = "<group>"; };
		C22AE57718A0464000971615 /* ProfileViewController.m */ = {isa = PBXFileReference; fileEncoding = 4; lastKnownFileType = sourcecode.c.objc; path = ProfileViewController.m; sourceTree = "<group>"; };
		C22AE57918A0467F00971615 /* TabController.h */ = {isa = PBXFileReference; fileEncoding = 4; lastKnownFileType = sourcecode.c.h; path = TabController.h; sourceTree = "<group>"; };
		C22AE57A18A0467F00971615 /* TabController.m */ = {isa = PBXFileReference; fileEncoding = 4; lastKnownFileType = sourcecode.c.objc; path = TabController.m; sourceTree = "<group>"; };
		C22AE59E18A0625100971615 /* CameraViewController.h */ = {isa = PBXFileReference; fileEncoding = 4; lastKnownFileType = sourcecode.c.h; path = CameraViewController.h; sourceTree = "<group>"; };
		C22AE59F18A0625100971615 /* CameraViewController.m */ = {isa = PBXFileReference; fileEncoding = 4; lastKnownFileType = sourcecode.c.objc; path = CameraViewController.m; sourceTree = "<group>"; };
		C22AE5A118A0661300971615 /* icon.png */ = {isa = PBXFileReference; lastKnownFileType = image.png; path = icon.png; sourceTree = "<group>"; };
		C22AE5A218A0661300971615 /* icon@2x.png */ = {isa = PBXFileReference; lastKnownFileType = image.png; path = "icon@2x.png"; sourceTree = "<group>"; };
		C285D9CE18A1A06F00DCC867 /* logo.png */ = {isa = PBXFileReference; lastKnownFileType = image.png; path = logo.png; sourceTree = "<group>"; };
		C285D9D018A1A0DE00DCC867 /* bg.png */ = {isa = PBXFileReference; lastKnownFileType = image.png; path = bg.png; sourceTree = "<group>"; };
		C285D9D618A1AACF00DCC867 /* close.png */ = {isa = PBXFileReference; lastKnownFileType = image.png; path = close.png; sourceTree = "<group>"; };
		C285D9D718A1AACF00DCC867 /* closePressed.png */ = {isa = PBXFileReference; lastKnownFileType = image.png; path = closePressed.png; sourceTree = "<group>"; };
		C285D9D818A1AACF00DCC867 /* login.png */ = {isa = PBXFileReference; lastKnownFileType = image.png; path = login.png; sourceTree = "<group>"; };
		C285D9D918A1AACF00DCC867 /* loginPressed.png */ = {isa = PBXFileReference; lastKnownFileType = image.png; path = loginPressed.png; sourceTree = "<group>"; };
		C285D9DA18A1AACF00DCC867 /* register.png */ = {isa = PBXFileReference; lastKnownFileType = image.png; path = register.png; sourceTree = "<group>"; };
		C285D9DB18A1AACF00DCC867 /* registerPressed.png */ = {isa = PBXFileReference; lastKnownFileType = image.png; path = registerPressed.png; sourceTree = "<group>"; };
		C285D9E518A1AB6300DCC867 /* forgotPressed.png */ = {isa = PBXFileReference; lastKnownFileType = image.png; path = forgotPressed.png; sourceTree = "<group>"; };
		C285D9E818A1AD5800DCC867 /* forgot.png */ = {isa = PBXFileReference; lastKnownFileType = image.png; path = forgot.png; sourceTree = "<group>"; };
		C285D9F218A1BAB600DCC867 /* textfield.png */ = {isa = PBXFileReference; lastKnownFileType = image.png; path = textfield.png; sourceTree = "<group>"; };
		C285D9F418A1BC6600DCC867 /* buttons.png */ = {isa = PBXFileReference; lastKnownFileType = image.png; path = buttons.png; sourceTree = "<group>"; };
		C285D9F518A1BC6700DCC867 /* buttonsPressed.png */ = {isa = PBXFileReference; lastKnownFileType = image.png; path = buttonsPressed.png; sourceTree = "<group>"; };
		C285D9F818A1C40700DCC867 /* bg@2x.png */ = {isa = PBXFileReference; lastKnownFileType = image.png; path = "bg@2x.png"; sourceTree = "<group>"; };
		C285D9FA18A1E69D00DCC867 /* LoginViewController.h */ = {isa = PBXFileReference; fileEncoding = 4; lastKnownFileType = sourcecode.c.h; path = LoginViewController.h; sourceTree = "<group>"; };
		C285D9FB18A1E69D00DCC867 /* LoginViewController.m */ = {isa = PBXFileReference; fileEncoding = 4; lastKnownFileType = sourcecode.c.objc; path = LoginViewController.m; sourceTree = "<group>"; };
		C285D9FD18A1E6BA00DCC867 /* RegisterViewController.h */ = {isa = PBXFileReference; fileEncoding = 4; lastKnownFileType = sourcecode.c.h; path = RegisterViewController.h; sourceTree = "<group>"; };
		C285D9FE18A1E6BA00DCC867 /* RegisterViewController.m */ = {isa = PBXFileReference; fileEncoding = 4; lastKnownFileType = sourcecode.c.objc; path = RegisterViewController.m; sourceTree = "<group>"; };
		C285DA0018A1F13100DCC867 /* greenbg.png */ = {isa = PBXFileReference; lastKnownFileType = image.png; path = greenbg.png; sourceTree = "<group>"; };
		C285DA0118A1F13100DCC867 /* greenbg@2x.png */ = {isa = PBXFileReference; lastKnownFileType = image.png; path = "greenbg@2x.png"; sourceTree = "<group>"; };
		C285DA0218A1F13100DCC867 /* orangebg.png */ = {isa = PBXFileReference; lastKnownFileType = image.png; path = orangebg.png; sourceTree = "<group>"; };
		C285DA0318A1F13100DCC867 /* orangebg@2x.png */ = {isa = PBXFileReference; lastKnownFileType = image.png; path = "orangebg@2x.png"; sourceTree = "<group>"; };
		C285DA0418A1F13100DCC867 /* redbg.png */ = {isa = PBXFileReference; lastKnownFileType = image.png; path = redbg.png; sourceTree = "<group>"; };
		C285DA0518A1F13100DCC867 /* redbg@2x.png */ = {isa = PBXFileReference; lastKnownFileType = image.png; path = "redbg@2x.png"; sourceTree = "<group>"; };
		C285DA0618A1F13100DCC867 /* yellowbg.png */ = {isa = PBXFileReference; lastKnownFileType = image.png; path = yellowbg.png; sourceTree = "<group>"; };
		C285DA0718A1F13100DCC867 /* yellowbg@2x.png */ = {isa = PBXFileReference; lastKnownFileType = image.png; path = "yellowbg@2x.png"; sourceTree = "<group>"; };
		C285DA1018A1F1F700DCC867 /* purplebg.png */ = {isa = PBXFileReference; lastKnownFileType = image.png; path = purplebg.png; sourceTree = "<group>"; };
		C285DA1118A1F1F700DCC867 /* purplebg@2x.png */ = {isa = PBXFileReference; lastKnownFileType = image.png; path = "purplebg@2x.png"; sourceTree = "<group>"; };
		C285DA1418A1F6B700DCC867 /* photo.png */ = {isa = PBXFileReference; lastKnownFileType = image.png; path = photo.png; sourceTree = "<group>"; };
		C285DA1618A2985F00DCC867 /* AssetsLibrary.framework */ = {isa = PBXFileReference; lastKnownFileType = wrapper.framework; name = AssetsLibrary.framework; path = System/Library/Frameworks/AssetsLibrary.framework; sourceTree = SDKROOT; };
		C285DA5C18A2BE4D00DCC867 /* ParentFeedViewController.h */ = {isa = PBXFileReference; fileEncoding = 4; lastKnownFileType = sourcecode.c.h; path = ParentFeedViewController.h; sourceTree = "<group>"; };
		C285DA5D18A2BE4D00DCC867 /* ParentFeedViewController.m */ = {isa = PBXFileReference; fileEncoding = 4; lastKnownFileType = sourcecode.c.objc; path = ParentFeedViewController.m; sourceTree = "<group>"; };
		C285DA5F18A2E3A100DCC867 /* PhotoViewCell.h */ = {isa = PBXFileReference; fileEncoding = 4; lastKnownFileType = sourcecode.c.h; path = PhotoViewCell.h; sourceTree = "<group>"; };
		C285DA6018A2E3A100DCC867 /* PhotoViewCell.m */ = {isa = PBXFileReference; fileEncoding = 4; lastKnownFileType = sourcecode.c.objc; path = PhotoViewCell.m; sourceTree = "<group>"; };
/* End PBXFileReference section */

/* Begin PBXFrameworksBuildPhase section */
		C22AE53518A0427E00971615 /* Frameworks */ = {
			isa = PBXFrameworksBuildPhase;
			buildActionMask = 2147483647;
			files = (
				C285DA1718A2985F00DCC867 /* AssetsLibrary.framework in Frameworks */,
				C22AE53E18A0427E00971615 /* CoreGraphics.framework in Frameworks */,
				C22AE54018A0427E00971615 /* UIKit.framework in Frameworks */,
				C22AE53C18A0427E00971615 /* Foundation.framework in Frameworks */,
				D10227704B934A6E9AA24DD5 /* libPods.a in Frameworks */,
			);
			runOnlyForDeploymentPostprocessing = 0;
		};
		C22AE55618A0427E00971615 /* Frameworks */ = {
			isa = PBXFrameworksBuildPhase;
			buildActionMask = 2147483647;
			files = (
				C22AE55B18A0427E00971615 /* XCTest.framework in Frameworks */,
				C22AE55D18A0427E00971615 /* UIKit.framework in Frameworks */,
				C22AE55C18A0427E00971615 /* Foundation.framework in Frameworks */,
			);
			runOnlyForDeploymentPostprocessing = 0;
		};
/* End PBXFrameworksBuildPhase section */

/* Begin PBXGroup section */
		C22AE52F18A0427E00971615 = {
			isa = PBXGroup;
			children = (
				C22AE54118A0427E00971615 /* SuddenMug */,
				C22AE56018A0427E00971615 /* SuddenMugTests */,
				C22AE53A18A0427E00971615 /* Frameworks */,
				C22AE53918A0427E00971615 /* Products */,
				830F48BF08684495816C4CDA /* Pods.xcconfig */,
			);
			sourceTree = "<group>";
		};
		C22AE53918A0427E00971615 /* Products */ = {
			isa = PBXGroup;
			children = (
				C22AE53818A0427E00971615 /* SuddenMug.app */,
				C22AE55918A0427E00971615 /* SuddenMugTests.xctest */,
			);
			name = Products;
			sourceTree = "<group>";
		};
		C22AE53A18A0427E00971615 /* Frameworks */ = {
			isa = PBXGroup;
			children = (
				C285DA1618A2985F00DCC867 /* AssetsLibrary.framework */,
				C22AE53B18A0427E00971615 /* Foundation.framework */,
				C22AE53D18A0427E00971615 /* CoreGraphics.framework */,
				C22AE53F18A0427E00971615 /* UIKit.framework */,
				C22AE55A18A0427E00971615 /* XCTest.framework */,
				AEBB445860B14C8B8AB8020A /* libPods.a */,
			);
			name = Frameworks;
			sourceTree = "<group>";
		};
		C22AE54118A0427E00971615 /* SuddenMug */ = {
			isa = PBXGroup;
			children = (
				C22AE54A18A0427E00971615 /* AppDelegate.h */,
				C22AE54B18A0427E00971615 /* AppDelegate.m */,
				C22AE54D18A0427E00971615 /* Main.storyboard */,
				C22AE57018A0462B00971615 /* FeedViewController.h */,
				C22AE57118A0462B00971615 /* FeedViewController.m */,
				5A868D6918A302AF009B1F8F /* PhotoDetailViewController.h */,
				5A868D6A18A302AF009B1F8F /* PhotoDetailViewController.m */,
				C285DA5F18A2E3A100DCC867 /* PhotoViewCell.h */,
				C285DA6018A2E3A100DCC867 /* PhotoViewCell.m */,
				C22AE57318A0463300971615 /* SearchViewController.h */,
				C22AE57418A0463300971615 /* SearchViewController.m */,
				C22AE57618A0464000971615 /* ProfileViewController.h */,
				C22AE57718A0464000971615 /* ProfileViewController.m */,
				C285DA5C18A2BE4D00DCC867 /* ParentFeedViewController.h */,
				C285DA5D18A2BE4D00DCC867 /* ParentFeedViewController.m */,
				C22AE57918A0467F00971615 /* TabController.h */,
				C22AE57A18A0467F00971615 /* TabController.m */,
				C285D9FA18A1E69D00DCC867 /* LoginViewController.h */,
				C285D9FB18A1E69D00DCC867 /* LoginViewController.m */,
				C22AE59E18A0625100971615 /* CameraViewController.h */,
				C22AE59F18A0625100971615 /* CameraViewController.m */,
				C285D9FE18A1E6BA00DCC867 /* RegisterViewController.m */,
				C285D9FD18A1E6BA00DCC867 /* RegisterViewController.h */,
				C22AE55318A0427E00971615 /* Images.xcassets */,
				C22AE54218A0427E00971615 /* Supporting Files */,
			);
			path = SuddenMug;
			sourceTree = "<group>";
		};
		C22AE54218A0427E00971615 /* Supporting Files */ = {
			isa = PBXGroup;
			children = (
				C285DA1018A1F1F700DCC867 /* purplebg.png */,
				C285DA1118A1F1F700DCC867 /* purplebg@2x.png */,
				C285DA0018A1F13100DCC867 /* greenbg.png */,
				C285DA0118A1F13100DCC867 /* greenbg@2x.png */,
				C285DA0218A1F13100DCC867 /* orangebg.png */,
				C285DA0318A1F13100DCC867 /* orangebg@2x.png */,
				C285DA0418A1F13100DCC867 /* redbg.png */,
				C285DA0518A1F13100DCC867 /* redbg@2x.png */,
				C285DA0618A1F13100DCC867 /* yellowbg.png */,
				C285DA0718A1F13100DCC867 /* yellowbg@2x.png */,
				C285D9F418A1BC6600DCC867 /* buttons.png */,
				C285D9F518A1BC6700DCC867 /* buttonsPressed.png */,
				C285D9E818A1AD5800DCC867 /* forgot.png */,
				C285D9D618A1AACF00DCC867 /* close.png */,
				C285D9E518A1AB6300DCC867 /* forgotPressed.png */,
				C285D9D718A1AACF00DCC867 /* closePressed.png */,
				C285D9F218A1BAB600DCC867 /* textfield.png */,
				C285D9D818A1AACF00DCC867 /* login.png */,
				C285D9D918A1AACF00DCC867 /* loginPressed.png */,
				C285D9DA18A1AACF00DCC867 /* register.png */,
				C285D9DB18A1AACF00DCC867 /* registerPressed.png */,
				C285D9D018A1A0DE00DCC867 /* bg.png */,
				C285D9CE18A1A06F00DCC867 /* logo.png */,
				C285D9F818A1C40700DCC867 /* bg@2x.png */,
				5A2F71D118A18533006B86AB /* camera.png */,
				C285DA1418A1F6B700DCC867 /* photo.png */,
				5A2F71D218A18533006B86AB /* comment.png */,
				5A2F71D318A18533006B86AB /* dislike.png */,
				5A2F71D418A18533006B86AB /* feed.png */,
				5A2F71D618A18533006B86AB /* followers.png */,
				5A2F71E718A18978006B86AB /* followings.png */,
				5A2F71D718A18533006B86AB /* like.png */,
				5A2F71D818A18533006B86AB /* map.png */,
				5A2F71D918A18533006B86AB /* mappin.png */,
				5A2F71DA18A18533006B86AB /* profile.png */,
				5A2F71DB18A18533006B86AB /* search.png */,
				5A2F71CD18A16B8C006B86AB /* DK Crayon Crumble.ttf */,
				C22AE5A118A0661300971615 /* icon.png */,
				C22AE5A218A0661300971615 /* icon@2x.png */,
				C22AE54318A0427E00971615 /* SuddenMug-Info.plist */,
				C22AE54418A0427E00971615 /* InfoPlist.strings */,
				C22AE54718A0427E00971615 /* main.m */,
				C22AE54918A0427E00971615 /* SuddenMug-Prefix.pch */,
			);
			name = "Supporting Files";
			sourceTree = "<group>";
		};
		C22AE56018A0427E00971615 /* SuddenMugTests */ = {
			isa = PBXGroup;
			children = (
				C22AE56618A0427E00971615 /* SuddenMugTests.m */,
				C22AE56118A0427E00971615 /* Supporting Files */,
			);
			path = SuddenMugTests;
			sourceTree = "<group>";
		};
		C22AE56118A0427E00971615 /* Supporting Files */ = {
			isa = PBXGroup;
			children = (
				C22AE56218A0427E00971615 /* SuddenMugTests-Info.plist */,
				C22AE56318A0427E00971615 /* InfoPlist.strings */,
			);
			name = "Supporting Files";
			sourceTree = "<group>";
		};
/* End PBXGroup section */

/* Begin PBXNativeTarget section */
		C22AE53718A0427E00971615 /* SuddenMug */ = {
			isa = PBXNativeTarget;
			buildConfigurationList = C22AE56A18A0427E00971615 /* Build configuration list for PBXNativeTarget "SuddenMug" */;
			buildPhases = (
				86652C201C0444E3B65C4268 /* Check Pods Manifest.lock */,
				C22AE53418A0427E00971615 /* Sources */,
				C22AE53518A0427E00971615 /* Frameworks */,
				C22AE53618A0427E00971615 /* Resources */,
				D5E1F0ABDA9D4413985E1E68 /* Copy Pods Resources */,
			);
			buildRules = (
			);
			dependencies = (
			);
			name = SuddenMug;
			productName = SuddenMug;
			productReference = C22AE53818A0427E00971615 /* SuddenMug.app */;
			productType = "com.apple.product-type.application";
		};
		C22AE55818A0427E00971615 /* SuddenMugTests */ = {
			isa = PBXNativeTarget;
			buildConfigurationList = C22AE56D18A0427E00971615 /* Build configuration list for PBXNativeTarget "SuddenMugTests" */;
			buildPhases = (
				C22AE55518A0427E00971615 /* Sources */,
				C22AE55618A0427E00971615 /* Frameworks */,
				C22AE55718A0427E00971615 /* Resources */,
			);
			buildRules = (
			);
			dependencies = (
				C22AE55F18A0427E00971615 /* PBXTargetDependency */,
			);
			name = SuddenMugTests;
			productName = SuddenMugTests;
			productReference = C22AE55918A0427E00971615 /* SuddenMugTests.xctest */;
			productType = "com.apple.product-type.bundle.unit-test";
		};
/* End PBXNativeTarget section */

/* Begin PBXProject section */
		C22AE53018A0427E00971615 /* Project object */ = {
			isa = PBXProject;
			attributes = {
				LastUpgradeCheck = 0500;
				ORGANIZATIONNAME = "Andrew Webb";
				TargetAttributes = {
					C22AE53718A0427E00971615 = {
						DevelopmentTeam = G38QD782AL;
					};
					C22AE55818A0427E00971615 = {
						TestTargetID = C22AE53718A0427E00971615;
					};
				};
			};
			buildConfigurationList = C22AE53318A0427E00971615 /* Build configuration list for PBXProject "SuddenMug" */;
			compatibilityVersion = "Xcode 3.2";
			developmentRegion = English;
			hasScannedForEncodings = 0;
			knownRegions = (
				en,
				Base,
			);
			mainGroup = C22AE52F18A0427E00971615;
			productRefGroup = C22AE53918A0427E00971615 /* Products */;
			projectDirPath = "";
			projectRoot = "";
			targets = (
				C22AE53718A0427E00971615 /* SuddenMug */,
				C22AE55818A0427E00971615 /* SuddenMugTests */,
			);
		};
/* End PBXProject section */

/* Begin PBXResourcesBuildPhase section */
		C22AE53618A0427E00971615 /* Resources */ = {
			isa = PBXResourcesBuildPhase;
			buildActionMask = 2147483647;
			files = (
				C22AE55418A0427E00971615 /* Images.xcassets in Resources */,
				C285D9E918A1AD5800DCC867 /* forgot.png in Resources */,
				5A2F71E618A18533006B86AB /* search.png in Resources */,
				C22AE54618A0427E00971615 /* InfoPlist.strings in Resources */,
				C285DA0E18A1F13100DCC867 /* yellowbg.png in Resources */,
				5A2F71E418A18533006B86AB /* mappin.png in Resources */,
				C22AE54F18A0427E00971615 /* Main.storyboard in Resources */,
				5A2F71E218A18533006B86AB /* like.png in Resources */,
				C285D9E718A1AB6300DCC867 /* forgotPressed.png in Resources */,
				5A2F71DD18A18533006B86AB /* comment.png in Resources */,
				C285D9DE18A1AACF00DCC867 /* closePressed.png in Resources */,
				C285DA0F18A1F13100DCC867 /* yellowbg@2x.png in Resources */,
				5A2F71CE18A16B8C006B86AB /* DK Crayon Crumble.ttf in Resources */,
				5A2F71E818A18978006B86AB /* followings.png in Resources */,
				C285DA1518A1F6B700DCC867 /* photo.png in Resources */,
				C22AE5A318A0661300971615 /* icon.png in Resources */,
				5A2F71DE18A18533006B86AB /* dislike.png in Resources */,
				C285DA1218A1F1F700DCC867 /* purplebg.png in Resources */,
				C285DA1318A1F1F700DCC867 /* purplebg@2x.png in Resources */,
				C285DA0A18A1F13100DCC867 /* orangebg.png in Resources */,
				C285D9E118A1AACF00DCC867 /* register.png in Resources */,
				5A2F71E518A18533006B86AB /* profile.png in Resources */,
				C285D9CF18A1A06F00DCC867 /* logo.png in Resources */,
				C285DA0918A1F13100DCC867 /* greenbg@2x.png in Resources */,
				C285D9F618A1BC6700DCC867 /* buttons.png in Resources */,
				5A2F71E318A18533006B86AB /* map.png in Resources */,
				C285D9D218A1A0DE00DCC867 /* bg.png in Resources */,
				C285DA0D18A1F13100DCC867 /* redbg@2x.png in Resources */,
				C285D9F318A1BAB600DCC867 /* textfield.png in Resources */,
				C285D9F718A1BC6700DCC867 /* buttonsPressed.png in Resources */,
				C285DA0B18A1F13100DCC867 /* orangebg@2x.png in Resources */,
				C285D9DF18A1AACF00DCC867 /* login.png in Resources */,
				5A2F71DC18A18533006B86AB /* camera.png in Resources */,
				C285DA0818A1F13100DCC867 /* greenbg.png in Resources */,
				C285DA0C18A1F13100DCC867 /* redbg.png in Resources */,
				C285D9E018A1AACF00DCC867 /* loginPressed.png in Resources */,
				5A2F71E118A18533006B86AB /* followers.png in Resources */,
				C285D9F918A1C40700DCC867 /* bg@2x.png in Resources */,
				C22AE5A418A0661300971615 /* icon@2x.png in Resources */,
				C285D9DD18A1AACF00DCC867 /* close.png in Resources */,
				C285D9E218A1AACF00DCC867 /* registerPressed.png in Resources */,
				5A2F71DF18A18533006B86AB /* feed.png in Resources */,
			);
			runOnlyForDeploymentPostprocessing = 0;
		};
		C22AE55718A0427E00971615 /* Resources */ = {
			isa = PBXResourcesBuildPhase;
			buildActionMask = 2147483647;
			files = (
				C22AE56518A0427E00971615 /* InfoPlist.strings in Resources */,
			);
			runOnlyForDeploymentPostprocessing = 0;
		};
/* End PBXResourcesBuildPhase section */

/* Begin PBXShellScriptBuildPhase section */
		86652C201C0444E3B65C4268 /* Check Pods Manifest.lock */ = {
			isa = PBXShellScriptBuildPhase;
			buildActionMask = 2147483647;
			files = (
			);
			inputPaths = (
			);
			name = "Check Pods Manifest.lock";
			outputPaths = (
			);
			runOnlyForDeploymentPostprocessing = 0;
			shellPath = /bin/sh;
			shellScript = "diff \"${PODS_ROOT}/../Podfile.lock\" \"${PODS_ROOT}/Manifest.lock\" > /dev/null\nif [[ $? != 0 ]] ; then\n    cat << EOM\nerror: The sandbox is not in sync with the Podfile.lock. Run 'pod install' or update your CocoaPods installation.\nEOM\n    exit 1\nfi\n";
			showEnvVarsInLog = 0;
		};
		D5E1F0ABDA9D4413985E1E68 /* Copy Pods Resources */ = {
			isa = PBXShellScriptBuildPhase;
			buildActionMask = 2147483647;
			files = (
			);
			inputPaths = (
			);
			name = "Copy Pods Resources";
			outputPaths = (
			);
			runOnlyForDeploymentPostprocessing = 0;
			shellPath = /bin/sh;
			shellScript = "\"${SRCROOT}/Pods/Pods-resources.sh\"\n";
			showEnvVarsInLog = 0;
		};
/* End PBXShellScriptBuildPhase section */

/* Begin PBXSourcesBuildPhase section */
		C22AE53418A0427E00971615 /* Sources */ = {
			isa = PBXSourcesBuildPhase;
			buildActionMask = 2147483647;
			files = (
				C22AE54C18A0427E00971615 /* AppDelegate.m in Sources */,
				C285DA5E18A2BE4D00DCC867 /* ParentFeedViewController.m in Sources */,
				C22AE57518A0463300971615 /* SearchViewController.m in Sources */,
				C22AE5A018A0625100971615 /* CameraViewController.m in Sources */,
				C22AE57218A0462B00971615 /* FeedViewController.m in Sources */,
				C285D9FF18A1E6BA00DCC867 /* RegisterViewController.m in Sources */,
				C22AE57818A0464000971615 /* ProfileViewController.m in Sources */,
				C22AE57B18A0467F00971615 /* TabController.m in Sources */,
				C285D9FC18A1E69D00DCC867 /* LoginViewController.m in Sources */,
				C22AE54818A0427E00971615 /* main.m in Sources */,
				5A868D6B18A302AF009B1F8F /* PhotoDetailViewController.m in Sources */,
				C285DA6118A2E3A100DCC867 /* PhotoViewCell.m in Sources */,
			);
			runOnlyForDeploymentPostprocessing = 0;
		};
		C22AE55518A0427E00971615 /* Sources */ = {
			isa = PBXSourcesBuildPhase;
			buildActionMask = 2147483647;
			files = (
				C22AE56718A0427E00971615 /* SuddenMugTests.m in Sources */,
			);
			runOnlyForDeploymentPostprocessing = 0;
		};
/* End PBXSourcesBuildPhase section */

/* Begin PBXTargetDependency section */
		C22AE55F18A0427E00971615 /* PBXTargetDependency */ = {
			isa = PBXTargetDependency;
			target = C22AE53718A0427E00971615 /* SuddenMug */;
			targetProxy = C22AE55E18A0427E00971615 /* PBXContainerItemProxy */;
		};
/* End PBXTargetDependency section */

/* Begin PBXVariantGroup section */
		C22AE54418A0427E00971615 /* InfoPlist.strings */ = {
			isa = PBXVariantGroup;
			children = (
				C22AE54518A0427E00971615 /* en */,
			);
			name = InfoPlist.strings;
			sourceTree = "<group>";
		};
		C22AE54D18A0427E00971615 /* Main.storyboard */ = {
			isa = PBXVariantGroup;
			children = (
				C22AE54E18A0427E00971615 /* Base */,
			);
			name = Main.storyboard;
			sourceTree = "<group>";
		};
		C22AE56318A0427E00971615 /* InfoPlist.strings */ = {
			isa = PBXVariantGroup;
			children = (
				C22AE56418A0427E00971615 /* en */,
			);
			name = InfoPlist.strings;
			sourceTree = "<group>";
		};
/* End PBXVariantGroup section */

/* Begin XCBuildConfiguration section */
		C22AE56818A0427E00971615 /* Debug */ = {
			isa = XCBuildConfiguration;
			buildSettings = {
				ALWAYS_SEARCH_USER_PATHS = NO;
				ARCHS = "$(ARCHS_STANDARD_INCLUDING_64_BIT)";
				CLANG_CXX_LANGUAGE_STANDARD = "gnu++0x";
				CLANG_CXX_LIBRARY = "libc++";
				CLANG_ENABLE_MODULES = YES;
				CLANG_ENABLE_OBJC_ARC = YES;
				CLANG_WARN_BOOL_CONVERSION = YES;
				CLANG_WARN_CONSTANT_CONVERSION = YES;
				CLANG_WARN_DIRECT_OBJC_ISA_USAGE = YES_ERROR;
				CLANG_WARN_EMPTY_BODY = YES;
				CLANG_WARN_ENUM_CONVERSION = YES;
				CLANG_WARN_INT_CONVERSION = YES;
				CLANG_WARN_OBJC_ROOT_CLASS = YES_ERROR;
				CLANG_WARN__DUPLICATE_METHOD_MATCH = YES;
				"CODE_SIGN_IDENTITY[sdk=iphoneos*]" = "iPhone Developer";
				COPY_PHASE_STRIP = NO;
				GCC_C_LANGUAGE_STANDARD = gnu99;
				GCC_DYNAMIC_NO_PIC = NO;
				GCC_OPTIMIZATION_LEVEL = 0;
				GCC_PREPROCESSOR_DEFINITIONS = (
					"DEBUG=1",
					"$(inherited)",
				);
				GCC_SYMBOLS_PRIVATE_EXTERN = NO;
				GCC_WARN_64_TO_32_BIT_CONVERSION = YES;
				GCC_WARN_ABOUT_RETURN_TYPE = YES_ERROR;
				GCC_WARN_UNDECLARED_SELECTOR = YES;
				GCC_WARN_UNINITIALIZED_AUTOS = YES;
				GCC_WARN_UNUSED_FUNCTION = YES;
				GCC_WARN_UNUSED_VARIABLE = YES;
				IPHONEOS_DEPLOYMENT_TARGET = 7.0;
				ONLY_ACTIVE_ARCH = YES;
				SDKROOT = iphoneos;
			};
			name = Debug;
		};
		C22AE56918A0427E00971615 /* Release */ = {
			isa = XCBuildConfiguration;
			buildSettings = {
				ALWAYS_SEARCH_USER_PATHS = NO;
				ARCHS = "$(ARCHS_STANDARD_INCLUDING_64_BIT)";
				CLANG_CXX_LANGUAGE_STANDARD = "gnu++0x";
				CLANG_CXX_LIBRARY = "libc++";
				CLANG_ENABLE_MODULES = YES;
				CLANG_ENABLE_OBJC_ARC = YES;
				CLANG_WARN_BOOL_CONVERSION = YES;
				CLANG_WARN_CONSTANT_CONVERSION = YES;
				CLANG_WARN_DIRECT_OBJC_ISA_USAGE = YES_ERROR;
				CLANG_WARN_EMPTY_BODY = YES;
				CLANG_WARN_ENUM_CONVERSION = YES;
				CLANG_WARN_INT_CONVERSION = YES;
				CLANG_WARN_OBJC_ROOT_CLASS = YES_ERROR;
				CLANG_WARN__DUPLICATE_METHOD_MATCH = YES;
				"CODE_SIGN_IDENTITY[sdk=iphoneos*]" = "iPhone Developer";
				COPY_PHASE_STRIP = YES;
				ENABLE_NS_ASSERTIONS = NO;
				GCC_C_LANGUAGE_STANDARD = gnu99;
				GCC_WARN_64_TO_32_BIT_CONVERSION = YES;
				GCC_WARN_ABOUT_RETURN_TYPE = YES_ERROR;
				GCC_WARN_UNDECLARED_SELECTOR = YES;
				GCC_WARN_UNINITIALIZED_AUTOS = YES;
				GCC_WARN_UNUSED_FUNCTION = YES;
				GCC_WARN_UNUSED_VARIABLE = YES;
				IPHONEOS_DEPLOYMENT_TARGET = 7.0;
				SDKROOT = iphoneos;
				VALIDATE_PRODUCT = YES;
			};
			name = Release;
		};
		C22AE56B18A0427E00971615 /* Debug */ = {
			isa = XCBuildConfiguration;
			baseConfigurationReference = 830F48BF08684495816C4CDA /* Pods.xcconfig */;
			buildSettings = {
				ASSETCATALOG_COMPILER_APPICON_NAME = AppIcon;
				ASSETCATALOG_COMPILER_LAUNCHIMAGE_NAME = LaunchImage;
				CODE_SIGN_IDENTITY = "iPhone Developer";
				"CODE_SIGN_IDENTITY[sdk=iphoneos*]" = "iPhone Developer";
				GCC_PRECOMPILE_PREFIX_HEADER = YES;
				GCC_PREFIX_HEADER = "SuddenMug/SuddenMug-Prefix.pch";
				INFOPLIST_FILE = "SuddenMug/SuddenMug-Info.plist";
				PRODUCT_NAME = "$(TARGET_NAME)";
				PROVISIONING_PROFILE = "";
				WRAPPER_EXTENSION = app;
			};
			name = Debug;
		};
		C22AE56C18A0427E00971615 /* Release */ = {
			isa = XCBuildConfiguration;
			baseConfigurationReference = 830F48BF08684495816C4CDA /* Pods.xcconfig */;
			buildSettings = {
				ASSETCATALOG_COMPILER_APPICON_NAME = AppIcon;
				ASSETCATALOG_COMPILER_LAUNCHIMAGE_NAME = LaunchImage;
				CODE_SIGN_IDENTITY = "iPhone Developer";
				"CODE_SIGN_IDENTITY[sdk=iphoneos*]" = "iPhone Developer";
				GCC_PRECOMPILE_PREFIX_HEADER = YES;
				GCC_PREFIX_HEADER = "SuddenMug/SuddenMug-Prefix.pch";
				INFOPLIST_FILE = "SuddenMug/SuddenMug-Info.plist";
				PRODUCT_NAME = "$(TARGET_NAME)";
				PROVISIONING_PROFILE = "";
				WRAPPER_EXTENSION = app;
			};
			name = Release;
		};
		C22AE56E18A0427E00971615 /* Debug */ = {
			isa = XCBuildConfiguration;
			buildSettings = {
				ARCHS = "$(ARCHS_STANDARD_INCLUDING_64_BIT)";
				BUNDLE_LOADER = "$(BUILT_PRODUCTS_DIR)/SuddenMug.app/SuddenMug";
				FRAMEWORK_SEARCH_PATHS = (
					"$(SDKROOT)/Developer/Library/Frameworks",
					"$(inherited)",
					"$(DEVELOPER_FRAMEWORKS_DIR)",
				);
				GCC_PRECOMPILE_PREFIX_HEADER = YES;
				GCC_PREFIX_HEADER = "SuddenMug/SuddenMug-Prefix.pch";
				GCC_PREPROCESSOR_DEFINITIONS = (
					"DEBUG=1",
					"$(inherited)",
				);
				INFOPLIST_FILE = "SuddenMugTests/SuddenMugTests-Info.plist";
				PRODUCT_NAME = "$(TARGET_NAME)";
				TEST_HOST = "$(BUNDLE_LOADER)";
				WRAPPER_EXTENSION = xctest;
			};
			name = Debug;
		};
		C22AE56F18A0427E00971615 /* Release */ = {
			isa = XCBuildConfiguration;
			buildSettings = {
				ARCHS = "$(ARCHS_STANDARD_INCLUDING_64_BIT)";
				BUNDLE_LOADER = "$(BUILT_PRODUCTS_DIR)/SuddenMug.app/SuddenMug";
				FRAMEWORK_SEARCH_PATHS = (
					"$(SDKROOT)/Developer/Library/Frameworks",
					"$(inherited)",
					"$(DEVELOPER_FRAMEWORKS_DIR)",
				);
				GCC_PRECOMPILE_PREFIX_HEADER = YES;
				GCC_PREFIX_HEADER = "SuddenMug/SuddenMug-Prefix.pch";
				INFOPLIST_FILE = "SuddenMugTests/SuddenMugTests-Info.plist";
				PRODUCT_NAME = "$(TARGET_NAME)";
				TEST_HOST = "$(BUNDLE_LOADER)";
				WRAPPER_EXTENSION = xctest;
			};
			name = Release;
		};
/* End XCBuildConfiguration section */

/* Begin XCConfigurationList section */
		C22AE53318A0427E00971615 /* Build configuration list for PBXProject "SuddenMug" */ = {
			isa = XCConfigurationList;
			buildConfigurations = (
				C22AE56818A0427E00971615 /* Debug */,
				C22AE56918A0427E00971615 /* Release */,
			);
			defaultConfigurationIsVisible = 0;
			defaultConfigurationName = Release;
		};
		C22AE56A18A0427E00971615 /* Build configuration list for PBXNativeTarget "SuddenMug" */ = {
			isa = XCConfigurationList;
			buildConfigurations = (
				C22AE56B18A0427E00971615 /* Debug */,
				C22AE56C18A0427E00971615 /* Release */,
			);
			defaultConfigurationIsVisible = 0;
			defaultConfigurationName = Release;
		};
		C22AE56D18A0427E00971615 /* Build configuration list for PBXNativeTarget "SuddenMugTests" */ = {
			isa = XCConfigurationList;
			buildConfigurations = (
				C22AE56E18A0427E00971615 /* Debug */,
				C22AE56F18A0427E00971615 /* Release */,
			);
			defaultConfigurationIsVisible = 0;
			defaultConfigurationName = Release;
		};
/* End XCConfigurationList section */
	};
	rootObject = C22AE53018A0427E00971615 /* Project object */;
}
